# THIS IS AN AUTOGENERATED FILE. DO NOT EDIT THIS FILE DIRECTLY.
# yarn lockfile v1


"@types/bn.js@^5.2.0":
  version "5.2.0"
  resolved "https://registry.yarnpkg.com/@types/bn.js/-/bn.js-5.2.0.tgz#4349b9710e98f9ab3cdc50f1c5e4dcbd8ef29c80"
  integrity sha512-DLbJ1BPqxvQhIGbeu8VbUC1DiAiahHtAYvA0ZEAa4P31F7IaArc8z3C3BRQdWX4mtLQuABG4yzp76ZrS02Ui1Q==
  dependencies:
    "@types/node" "*"

"@types/node@*":
  version "26.1.0"
  resolved "https://registry.yarnpkg.com/@types/node/-/node-26.1.0.tgz#aa85f0727fc5611347091c478341c63650903439"
  integrity sha512-O0A1G3xPGy4w7AgQdAQYUlQ+BKk2Oovw8eRpofyp5KdBZULnbe+WqaOVNrm705SHphCiG4XHsACrSmPu1f+Kgw==
  dependencies:
    undici-types "~8.3.0"

bn.js@^5.2.4:
  version "5.2.4"
  resolved "https://registry.yarnpkg.com/bn.js/-/bn.js-5.2.4.tgz#1208fc250bb193fc5f8f0b5fa59e642e706f7103"
  integrity sha512-QL7sb18rJ1PbdsKsqPA0guxL563vIMwRHgzNrW/uzQuRGN1Cjqd/wonUBAVqHox9KwzHA6vCbM0lXx3k4iQMow==

undici-types@~8.3.0:
  version "8.3.0"
  resolved "https://registry.yarnpkg.com/undici-types/-/undici-types-8.3.0.tgz#44e9fc9f3244648cdea35e4f9bb2d681e9410809"
  integrity sha512-j375ScV60dom+YkPFIfTLcOiPxkN/buHz5GobjLhixFuANaNs3C9l4GmrWqejgXWJ7BbJcFYpTEUkS1Ge8bpZQ==
